
Microsoft Visual Studio Solution File, Format Version 12.00
# Visual Studio Version 17
VisualStudioVersion = 17.9.34723.18
MinimumVisualStudioVersion = 10.0.40219.1
Project("{9A19103F-16F7-4668-BE54-9A1E7A4F7556}") = "MvvmLesson", "MvvmLesson.csproj", "{EE59EBD9-B02E-4B9D-A63C-5421BC2016BC}"
EndProject
Global
	GlobalSection(SolutionConfigurationPlatforms) = preSolution
		Debug|Any CPU = Debug|Any CPU
		Release|Any CPU = Release|Any CPU
	EndGlobalSection
	GlobalSection(ProjectConfigurationPlatforms) = postSolution
		{EE59EBD9-B02E-4B9D-A63C-5421BC2016BC}.Debug|Any CPU.ActiveCfg = Debug|Any CPU
		{EE59EBD9-B02E-4B9D-A63C-5421BC2016BC}.Debug|Any CPU.Build.0 = Debug|Any CPU
		{EE59EBD9-B02E-4B9D-A63C-5421BC2016BC}.Release|Any CPU.ActiveCfg = Release|Any CPU
		{EE59EBD9-B02E-4B9D-A63C-5421BC2016BC}.Release|Any CPU.Build.0 = Release|Any CPU
	EndGlobalSection
	GlobalSection(SolutionProperties) = preSolution
		HideSolutionNode = FALSE
	EndGlobalSection
	GlobalSection(ExtensibilityGlobals) = postSolution
		SolutionGuid = {1B63494A-3B5C-44A8-82E9-4693B1EC4E56}
	EndGlobalSection
EndGlobal
